
Microsoft Visual Studio Solution File, Format Version 12.00
# Visual Studio Version 17
VisualStudioVersion = 17.7.34024.191
MinimumVisualStudioVersion = 10.0.40219.1
Project("{FAE04EC0-301F-11D3-BF4B-00C04F79EFBC}") = "IRDb_LuciaCani", "IRDb_LuciaCani\IRDb_LuciaCani.csproj", "{DAE856A4-CBD5-421C-8B77-CB0C8718F323}"
EndProject
Global
	GlobalSection(SolutionConfigurationPlatforms) = preSolution
		Debug|Any CPU = Debug|Any CPU
		Release|Any CPU = Release|Any CPU
	EndGlobalSection
	GlobalSection(ProjectConfigurationPlatforms) = postSolution
		{DAE856A4-CBD5-421C-8B77-CB0C8718F323}.Debug|Any CPU.ActiveCfg = Debug|Any CPU
		{DAE856A4-CBD5-421C-8B77-CB0C8718F323}.Debug|Any CPU.Build.0 = Debug|Any CPU
		{DAE856A4-CBD5-421C-8B77-CB0C8718F323}.Release|Any CPU.ActiveCfg = Release|Any CPU
		{DAE856A4-CBD5-421C-8B77-CB0C8718F323}.Release|Any CPU.Build.0 = Release|Any CPU
	EndGlobalSection
	GlobalSection(SolutionProperties) = preSolution
		HideSolutionNode = FALSE
	EndGlobalSection
	GlobalSection(ExtensibilityGlobals) = postSolution
		SolutionGuid = {CE55F0B8-6E93-41E4-B153-4736E37ED6E2}
	EndGlobalSection
EndGlobal
